// !$*UTF8*$!
{
	archiveVersion = 1;
	classes = {
	};
	objectVersion = 77;
	objects = {

/* Begin PBXBuildFile section */
		D100A84F2E8411A400B82C8B /* Auth in Frameworks */ = {isa = PBXBuildFile; productRef = D100A84E2E8411A400B82C8B /* Auth */; };
		D100A8512E8411A400B82C8B /* Functions in Frameworks */ = {isa = PBXBuildFile; productRef = D100A8502E8411A400B82C8B /* Functions */; };
		D100A8532E8411A400B82C8B /* PostgREST in Frameworks */ = {isa = PBXBuildFile; productRef = D100A8522E8411A400B82C8B /* PostgREST */; };
		D100A8552E8411A400B82C8B /* Realtime in Frameworks */ = {isa = PBXBuildFile; productRef = D100A8542E8411A400B82C8B /* Realtime */; };
		D100A8572E8411A400B82C8B /* Storage in Frameworks */ = {isa = PBXBuildFile; productRef = D100A8562E8411A400B82C8B /* Storage */; };
/* End PBXBuildFile section */

/* Begin PBXContainerItemProxy section */
		D100A82E2E83CF5700B82C8B /* PBXContainerItemProxy */ = {
			isa = PBXContainerItemProxy;
			containerPortal = D100A8182E83CF5100B82C8B /* Project object */;
			proxyType = 1;
			remoteGlobalIDString = D100A81F2E83CF5100B82C8B;
			remoteInfo = NFCDemo;
		};
		D100A8382E83CF5700B82C8B /* PBXContainerItemProxy */ = {
			isa = PBXContainerItemProxy;
			containerPortal = D100A8182E83CF5100B82C8B /* Project object */;
			proxyType = 1;
			remoteGlobalIDString = D100A81F2E83CF5100B82C8B;
			remoteInfo = NFCDemo;
		};
/* End PBXContainerItemProxy section */

/* Begin PBXFileReference section */
		D100A8202E83CF5100B82C8B /* NFCDemo.app */ = {isa = PBXFileReference; explicitFileType = wrapper.application; includeInIndex = 0; path = NFCDemo.app; sourceTree = BUILT_PRODUCTS_DIR; };
		D100A82D2E83CF5700B82C8B /* NFCDemoTests.xctest */ = {isa = PBXFileReference; explicitFileType = wrapper.cfbundle; includeInIndex = 0; path = NFCDemoTests.xctest; sourceTree = BUILT_PRODUCTS_DIR; };
		D100A8372E83CF5700B82C8B /* NFCDemoUITests.xctest */ = {isa = PBXFileReference; explicitFileType = wrapper.cfbundle; includeInIndex = 0; path = NFCDemoUITests.xctest; sourceTree = BUILT_PRODUCTS_DIR; };
/* End PBXFileReference section */

/* Begin PBXFileSystemSynchronizedRootGroup section */
		D100A8222E83CF5100B82C8B /* NFCDemo */ = {
			isa = PBXFileSystemSynchronizedRootGroup;
			path = NFCDemo;
			sourceTree = "<group>";
		};
		D100A8302E83CF5700B82C8B /* NFCDemoTests */ = {
			isa = PBXFileSystemSynchronizedRootGroup;
			path = NFCDemoTests;
			sourceTree = "<group>";
		};
		D100A83A2E83CF5700B82C8B /* NFCDemoUITests */ = {
			isa = PBXFileSystemSynchronizedRootGroup;
			path = NFCDemoUITests;
			sourceTree = "<group>";
		};
/* End PBXFileSystemSynchronizedRootGroup section */

/* Begin PBXFrameworksBuildPhase section */
		D100A81D2E83CF5100B82C8B /* Frameworks */ = {
			isa = PBXFrameworksBuildPhase;
			buildActionMask = 2147483647;
			files = (
				D100A8532E8411A400B82C8B /* PostgREST in Frameworks */,
				D100A8512E8411A400B82C8B /* Functions in Frameworks */,
				D100A84F2E8411A400B82C8B /* Auth in Frameworks */,
				D100A8572E8411A400B82C8B /* Storage in Frameworks */,
				D100A8552E8411A400B82C8B /* Realtime in Frameworks */,
			);
			runOnlyForDeploymentPostprocessing = 0;
		};
		D100A82A2E83CF5700B82C8B /* Frameworks */ = {
			isa = PBXFrameworksBuildPhase;
			buildActionMask = 2147483647;
			files = (
			);
			runOnlyForDeploymentPostprocessing = 0;
		};
		D100A8342E83CF5700B82C8B /* Frameworks */ = {
			isa = PBXFrameworksBuildPhase;
			buildActionMask = 2147483647;
			files = (
			);
			runOnlyForDeploymentPostprocessing = 0;
		};
/* End PBXFrameworksBuildPhase section */

/* Begin PBXGroup section */
		D100A8172E83CF5100B82C8B = {
			isa = PBXGroup;
			children = (
				D100A8222E83CF5100B82C8B /* NFCDemo */,
				D100A8302E83CF5700B82C8B /* NFCDemoTests */,
				D100A83A2E83CF5700B82C8B /* NFCDemoUITests */,
				D100A8212E83CF5100B82C8B /* Products */,
			);
			sourceTree = "<group>";
		};
		D100A8212E83CF5100B82C8B /* Products */ = {
			isa = PBXGroup;
			children = (
				D100A8202E83CF5100B82C8B /* NFCDemo.app */,
				D100A82D2E83CF5700B82C8B /* NFCDemoTests.xctest */,
				D100A8372E83CF5700B82C8B /* NFCDemoUITests.xctest */,
			);
			name = Products;
			sourceTree = "<group>";
		};
/* End PBXGroup section */

/* Begin PBXNativeTarget section */
		D100A81F2E83CF5100B82C8B /* NFCDemo */ = {
			isa = PBXNativeTarget;
			buildConfigurationList = D100A8412E83CF5700B82C8B /* Build configuration list for PBXNativeTarget "NFCDemo" */;
			buildPhases = (
				D100A81C2E83CF5100B82C8B /* Sources */,
				D100A81D2E83CF5100B82C8B /* Frameworks */,
				D100A81E2E83CF5100B82C8B /* Resources */,
			);
			buildRules = (
			);
			dependencies = (
			);
			fileSystemSynchronizedGroups = (
				D100A8222E83CF5100B82C8B /* NFCDemo */,
			);
			name = NFCDemo;
			packageProductDependencies = (
				D100A84E2E8411A400B82C8B /* Auth */,
				D100A8502E8411A400B82C8B /* Functions */,
				D100A8522E8411A400B82C8B /* PostgREST */,
				D100A8542E8411A400B82C8B /* Realtime */,
				D100A8562E8411A400B82C8B /* Storage */,
			);
			productName = NFCDemo;
			productReference = D100A8202E83CF5100B82C8B /* NFCDemo.app */;
			productType = "com.apple.product-type.application";
		};
		D100A82C2E83CF5700B82C8B /* NFCDemoTests */ = {
			isa = PBXNativeTarget;
			buildConfigurationList = D100A8442E83CF5700B82C8B /* Build configuration list for PBXNativeTarget "NFCDemoTests" */;
			buildPhases = (
				D100A8292E83CF5700B82C8B /* Sources */,
				D100A82A2E83CF5700B82C8B /* Frameworks */,
				D100A82B2E83CF5700B82C8B /* Resources */,
			);
			buildRules = (
			);
			dependencies = (
				D100A82F2E83CF5700B82C8B /* PBXTargetDependency */,
			);
			fileSystemSynchronizedGroups = (
				D100A8302E83CF5700B82C8B /* NFCDemoTests */,
			);
			name = NFCDemoTests;
			packageProductDependencies = (
			);
			productName = NFCDemoTests;
			productReference = D100A82D2E83CF5700B82C8B /* NFCDemoTests.xctest */;
			productType = "com.apple.product-type.bundle.unit-test";
		};
		D100A8362E83CF5700B82C8B /* NFCDemoUITests */ = {
			isa = PBXNativeTarget;
			buildConfigurationList = D100A8472E83CF5700B82C8B /* Build configuration list for PBXNativeTarget "NFCDemoUITests" */;
			buildPhases = (
				D100A8332E83CF5700B82C8B /* Sources */,
				D100A8342E83CF5700B82C8B /* Frameworks */,
				D100A8352E83CF5700B82C8B /* Resources */,
			);
			buildRules = (
			);
			dependencies = (
				D100A8392E83CF5700B82C8B /* PBXTargetDependency */,
			);
			fileSystemSynchronizedGroups = (
				D100A83A2E83CF5700B82C8B /* NFCDemoUITests */,
			);
			name = NFCDemoUITests;
			packageProductDependencies = (
			);
			productName = NFCDemoUITests;
			productReference = D100A8372E83CF5700B82C8B /* NFCDemoUITests.xctest */;
			productType = "com.apple.product-type.bundle.ui-testing";
		};
/* End PBXNativeTarget section */

/* Begin PBXProject section */
		D100A8182E83CF5100B82C8B /* Project object */ = {
			isa = PBXProject;
			attributes = {
				BuildIndependentTargetsInParallel = 1;
				LastSwiftUpdateCheck = 1640;
				LastUpgradeCheck = 1640;
				TargetAttributes = {
					D100A81F2E83CF5100B82C8B = {
						CreatedOnToolsVersion = 16.4;
					};
					D100A82C2E83CF5700B82C8B = {
						CreatedOnToolsVersion = 16.4;
						TestTargetID = D100A81F2E83CF5100B82C8B;
					};
					D100A8362E83CF5700B82C8B = {
						CreatedOnToolsVersion = 16.4;
						TestTargetID = D100A81F2E83CF5100B82C8B;
					};
				};
			};
			buildConfigurationList = D100A81B2E83CF5100B82C8B /* Build configuration list for PBXProject "NFCDemo" */;
			developmentRegion = en;
			hasScannedForEncodings = 0;
			knownRegions = (
				en,
				Base,
			);
			mainGroup = D100A8172E83CF5100B82C8B;
			minimizedProjectReferenceProxies = 1;
			packageReferences = (
				D100A84D2E8411A400B82C8B /* XCRemoteSwiftPackageReference "supabase-swift" */,
			);
			preferredProjectObjectVersion = 77;
			productRefGroup = D100A8212E83CF5100B82C8B /* Products */;
			projectDirPath = "";
			projectRoot = "";
			targets = (
				D100A81F2E83CF5100B82C8B /* NFCDemo */,
				D100A82C2E83CF5700B82C8B /* NFCDemoTests */,
				D100A8362E83CF5700B82C8B /* NFCDemoUITests */,
			);
		};
/* End PBXProject section */

/* Begin PBXResourcesBuildPhase section */
		D100A81E2E83CF5100B82C8B /* Resources */ = {
			isa = PBXResourcesBuildPhase;
			buildActionMask = 2147483647;
			files = (
			);
			runOnlyForDeploymentPostprocessing = 0;
		};
		D100A82B2E83CF5700B82C8B /* Resources */ = {
			isa = PBXResourcesBuildPhase;
			buildActionMask = 2147483647;
			files = (
			);
			runOnlyForDeploymentPostprocessing = 0;
		};
		D100A8352E83CF5700B82C8B /* Resources */ = {
			isa = PBXResourcesBuildPhase;
			buildActionMask = 2147483647;
			files = (
			);
			runOnlyForDeploymentPostprocessing = 0;
		};
/* End PBXResourcesBuildPhase section */

/* Begin PBXSourcesBuildPhase section */
		D100A81C2E83CF5100B82C8B /* Sources */ = {
			isa = PBXSourcesBuildPhase;
			buildActionMask = 2147483647;
			files = (
			);
			runOnlyForDeploymentPostprocessing = 0;
		};
		D100A8292E83CF5700B82C8B /* Sources */ = {
			isa = PBXSourcesBuildPhase;
			buildActionMask = 2147483647;
			files = (
			);
			runOnlyForDeploymentPostprocessing = 0;
		};
		D100A8332E83CF5700B82C8B /* Sources */ = {
			isa = PBXSourcesBuildPhase;
			buildActionMask = 2147483647;
			files = (
			);
			runOnlyForDeploymentPostprocessing = 0;
		};
/* End PBXSourcesBuildPhase section */

/* Begin PBXTargetDependency section */
		D100A82F2E83CF5700B82C8B /* PBXTargetDependency */ = {
			isa = PBXTargetDependency;
			target = D100A81F2E83CF5100B82C8B /* NFCDemo */;
			targetProxy = D100A82E2E83CF5700B82C8B /* PBXContainerItemProxy */;
		};
		D100A8392E83CF5700B82C8B /* PBXTargetDependency */ = {
			isa = PBXTargetDependency;
			target = D100A81F2E83CF5100B82C8B /* NFCDemo */;
			targetProxy = D100A8382E83CF5700B82C8B /* PBXContainerItemProxy */;
		};
/* End PBXTargetDependency section */

/* Begin XCBuildConfiguration section */
		D100A83F2E83CF5700B82C8B /* Debug */ = {
			isa = XCBuildConfiguration;
			buildSettings = {
				ALWAYS_SEARCH_USER_PATHS = NO;
				ASSETCATALOG_COMPILER_GENERATE_SWIFT_ASSET_SYMBOL_EXTENSIONS = YES;
				CLANG_ANALYZER_NONNULL = YES;
				CLANG_ANALYZER_NUMBER_OBJECT_CONVERSION = YES_AGGRESSIVE;
				CLANG_CXX_LANGUAGE_STANDARD = "gnu++20";
				CLANG_ENABLE_MODULES = YES;
				CLANG_ENABLE_OBJC_ARC = YES;
				CLANG_ENABLE_OBJC_WEAK = YES;
				CLANG_WARN_BLOCK_CAPTURE_AUTORELEASING = YES;
				CLANG_WARN_BOOL_CONVERSION = YES;
				CLANG_WARN_COMMA = YES;
				CLANG_WARN_CONSTANT_CONVERSION = YES;
				CLANG_WARN_DEPRECATED_OBJC_IMPLEMENTATIONS = YES;
				CLANG_WARN_DIRECT_OBJC_ISA_USAGE = YES_ERROR;
				CLANG_WARN_DOCUMENTATION_COMMENTS = YES;
				CLANG_WARN_EMPTY_BODY = YES;
				CLANG_WARN_ENUM_CONVERSION = YES;
				CLANG_WARN_INFINITE_RECURSION = YES;
				CLANG_WARN_INT_CONVERSION = YES;
				CLANG_WARN_NON_LITERAL_NULL_CONVERSION = YES;
				CLANG_WARN_OBJC_IMPLICIT_RETAIN_SELF = YES;
				CLANG_WARN_OBJC_LITERAL_CONVERSION = YES;
				CLANG_WARN_OBJC_ROOT_CLASS = YES_ERROR;
				CLANG_WARN_QUOTED_INCLUDE_IN_FRAMEWORK_HEADER = YES;
				CLANG_WARN_RANGE_LOOP_ANALYSIS = YES;
				CLANG_WARN_STRICT_PROTOTYPES = YES;
				CLANG_WARN_SUSPICIOUS_MOVE = YES;
				CLANG_WARN_UNGUARDED_AVAILABILITY = YES_AGGRESSIVE;
				CLANG_WARN_UNREACHABLE_CODE = YES;
				CLANG_WARN__DUPLICATE_METHOD_MATCH = YES;
				COPY_PHASE_STRIP = NO;
				DEBUG_INFORMATION_FORMAT = dwarf;
				DEVELOPMENT_TEAM = 3A7K9T2WRC;
				ENABLE_STRICT_OBJC_MSGSEND = YES;
				ENABLE_TESTABILITY = YES;
				ENABLE_USER_SCRIPT_SANDBOXING = YES;
				GCC_C_LANGUAGE_STANDARD = gnu17;
				GCC_DYNAMIC_NO_PIC = NO;
				GCC_NO_COMMON_BLOCKS = YES;
				GCC_OPTIMIZATION_LEVEL = 0;
				GCC_PREPROCESSOR_DEFINITIONS = (
					"DEBUG=1",
					"$(inherited)",
				);
				GCC_WARN_64_TO_32_BIT_CONVERSION = YES;
				GCC_WARN_ABOUT_RETURN_TYPE = YES_ERROR;
				GCC_WARN_UNDECLARED_SELECTOR = YES;
				GCC_WARN_UNINITIALIZED_AUTOS = YES_AGGRESSIVE;
				GCC_WARN_UNUSED_FUNCTION = YES;
				GCC_WARN_UNUSED_VARIABLE = YES;
				IPHONEOS_DEPLOYMENT_TARGET = 18.5;
				LOCALIZATION_PREFERS_STRING_CATALOGS = YES;
				MTL_ENABLE_DEBUG_INFO = INCLUDE_SOURCE;
				MTL_FAST_MATH = YES;
				ONLY_ACTIVE_ARCH = YES;
				SDKROOT = iphoneos;
				SWIFT_ACTIVE_COMPILATION_CONDITIONS = "DEBUG $(inherited)";
				SWIFT_OPTIMIZATION_LEVEL = "-Onone";
			};
			name = Debug;
		};
		D100A8402E83CF5700B82C8B /* Release */ = {
			isa = XCBuildConfiguration;
			buildSettings = {
				ALWAYS_SEARCH_USER_PATHS = NO;
				ASSETCATALOG_COMPILER_GENERATE_SWIFT_ASSET_SYMBOL_EXTENSIONS = YES;
				CLANG_ANALYZER_NONNULL = YES;
				CLANG_ANALYZER_NUMBER_OBJECT_CONVERSION = YES_AGGRESSIVE;
				CLANG_CXX_LANGUAGE_STANDARD = "gnu++20";
				CLANG_ENABLE_MODULES = YES;
				CLANG_ENABLE_OBJC_ARC = YES;
				CLANG_ENABLE_OBJC_WEAK = YES;
				CLANG_WARN_BLOCK_CAPTURE_AUTORELEASING = YES;
				CLANG_WARN_BOOL_CONVERSION = YES;
				CLANG_WARN_COMMA = YES;
				CLANG_WARN_CONSTANT_CONVERSION = YES;
				CLANG_WARN_DEPRECATED_OBJC_IMPLEMENTATIONS = YES;
				CLANG_WARN_DIRECT_OBJC_ISA_USAGE = YES_ERROR;
				CLANG_WARN_DOCUMENTATION_COMMENTS = YES;
				CLANG_WARN_EMPTY_BODY = YES;
				CLANG_WARN_ENUM_CONVERSION = YES;
				CLANG_WARN_INFINITE_RECURSION = YES;
				CLANG_WARN_INT_CONVERSION = YES;
				CLANG_WARN_NON_LITERAL_NULL_CONVERSION = YES;
				CLANG_WARN_OBJC_IMPLICIT_RETAIN_SELF = YES;
				CLANG_WARN_OBJC_LITERAL_CONVERSION = YES;
				CLANG_WARN_OBJC_ROOT_CLASS = YES_ERROR;
				CLANG_WARN_QUOTED_INCLUDE_IN_FRAMEWORK_HEADER = YES;
				CLANG_WARN_RANGE_LOOP_ANALYSIS = YES;
				CLANG_WARN_STRICT_PROTOTYPES = YES;
				CLANG_WARN_SUSPICIOUS_MOVE = YES;
				CLANG_WARN_UNGUARDED_AVAILABILITY = YES_AGGRESSIVE;
				CLANG_WARN_UNREACHABLE_CODE = YES;
				CLANG_WARN__DUPLICATE_METHOD_MATCH = YES;
				COPY_PHASE_STRIP = NO;
				DEBUG_INFORMATION_FORMAT = "dwarf-with-dsym";
				DEVELOPMENT_TEAM = 3A7K9T2WRC;
				ENABLE_NS_ASSERTIONS = NO;
				ENABLE_STRICT_OBJC_MSGSEND = YES;
				ENABLE_USER_SCRIPT_SANDBOXING = YES;
				GCC_C_LANGUAGE_STANDARD = gnu17;
				GCC_NO_COMMON_BLOCKS = YES;
				GCC_WARN_64_TO_32_BIT_CONVERSION = YES;
				GCC_WARN_ABOUT_RETURN_TYPE = YES_ERROR;
				GCC_WARN_UNDECLARED_SELECTOR = YES;
				GCC_WARN_UNINITIALIZED_AUTOS = YES_AGGRESSIVE;
				GCC_WARN_UNUSED_FUNCTION = YES;
				GCC_WARN_UNUSED_VARIABLE = YES;
				IPHONEOS_DEPLOYMENT_TARGET = 18.5;
				LOCALIZATION_PREFERS_STRING_CATALOGS = YES;
				MTL_ENABLE_DEBUG_INFO = NO;
				MTL_FAST_MATH = YES;
				SDKROOT = iphoneos;
				SWIFT_COMPILATION_MODE = wholemodule;
				VALIDATE_PRODUCT = YES;
			};
			name = Release;
		};
		D100A8422E83CF5700B82C8B /* Debug */ = {
			isa = XCBuildConfiguration;
			buildSettings = {
				ASSETCATALOG_COMPILER_APPICON_NAME = AppIcon;
				ASSETCATALOG_COMPILER_GLOBAL_ACCENT_COLOR_NAME = AccentColor;
				CODE_SIGN_ENTITLEMENTS = NFCDemo/NFCDemo.entitlements;
				CODE_SIGN_IDENTITY = "Apple Development";
				CODE_SIGN_STYLE = Automatic;
				CURRENT_PROJECT_VERSION = 1;
				DEVELOPMENT_TEAM = 3A7K9T2WRC;
				ENABLE_PREVIEWS = YES;
				GENERATE_INFOPLIST_FILE = YES;
				INFOPLIST_KEY_CFBundleDisplayName = "QuickStrap Field App";
				INFOPLIST_KEY_LSApplicationCategoryType = "public.app-category.productivity";
				INFOPLIST_KEY_NSCameraUsageDescription = "This app uses the camera to scan ticket barcodes and QR codes for linking tickets to wristbands during event check-in.";
				INFOPLIST_KEY_NSLocationAlwaysAndWhenInUseUsageDescription = "This app requires continuous background location monitoring to verify gate proximity and prevent unauthorized NFC scanning when the app is not in use. Location data is used exclusively for gate verification and is not shared or stored beyond the check-in process.";
				INFOPLIST_KEY_NSLocationWhenInUseUsageDescription = "This app uses location services to verify gate proximity and prevent unauthorized scanning at wrong locations.";
				INFOPLIST_KEY_NFCReaderUsageDescription = "This app uses NFC to scan event wristbands for check-in and attendance tracking.";
				INFOPLIST_KEY_NSFaceIDUsageDescription = "This app uses face ID to login into the user's account. ";
				INFOPLIST_KEY_UIApplicationSceneManifest_Generation = YES;
				INFOPLIST_KEY_UIApplicationSupportsIndirectInputEvents = YES;
				INFOPLIST_KEY_UILaunchScreen_Generation = YES;
				INFOPLIST_KEY_UISupportedInterfaceOrientations_iPad = "UIInterfaceOrientationPortrait UIInterfaceOrientationPortraitUpsideDown UIInterfaceOrientationLandscapeLeft UIInterfaceOrientationLandscapeRight";
				INFOPLIST_KEY_UISupportedInterfaceOrientations_iPhone = "UIInterfaceOrientationPortrait UIInterfaceOrientationLandscapeLeft UIInterfaceOrientationLandscapeRight";
				LD_RUNPATH_SEARCH_PATHS = (
					"$(inherited)",
					"@executable_path/Frameworks",
				);
				MARKETING_VERSION = 1.0;
				PRODUCT_BUNDLE_IDENTIFIER = QuickStrapSolutions.NFCDemo;
				PRODUCT_NAME = "$(TARGET_NAME)";
				PROVISIONING_PROFILE_SPECIFIER = "";
				SWIFT_EMIT_LOC_STRINGS = YES;
				SWIFT_VERSION = 5.0;
				TARGETED_DEVICE_FAMILY = "1,2";
			};
			name = Debug;
		};
		D100A8432E83CF5700B82C8B /* Release */ = {
			isa = XCBuildConfiguration;
			buildSettings = {
				ASSETCATALOG_COMPILER_APPICON_NAME = AppIcon;
				ASSETCATALOG_COMPILER_GLOBAL_ACCENT_COLOR_NAME = AccentColor;
				CODE_SIGN_ENTITLEMENTS = NFCDemo/NFCDemo.entitlements;
				CODE_SIGN_IDENTITY = "Apple Development";
				CODE_SIGN_STYLE = Automatic;
				CURRENT_PROJECT_VERSION = 1;
				DEVELOPMENT_TEAM = 3A7K9T2WRC;
				ENABLE_PREVIEWS = YES;
				GENERATE_INFOPLIST_FILE = YES;
				INFOPLIST_KEY_CFBundleDisplayName = "QuickStrap Field App";
				INFOPLIST_KEY_LSApplicationCategoryType = "public.app-category.productivity";
				INFOPLIST_KEY_NSCameraUsageDescription = "This app uses the camera to scan ticket barcodes and QR codes for linking tickets to wristbands during event check-in.";
				INFOPLIST_KEY_NSLocationAlwaysAndWhenInUseUsageDescription = "This app requires continuous background location monitoring to verify gate proximity and prevent unauthorized NFC scanning when the app is not in use. Location data is used exclusively for gate verification and is not shared or stored beyond the check-in process.";
				INFOPLIST_KEY_NSLocationWhenInUseUsageDescription = "This app uses location services to verify gate proximity and prevent unauthorized scanning at wrong locations.";
				INFOPLIST_KEY_NFCReaderUsageDescription = "This app uses NFC to scan event wristbands for check-in and attendance tracking.";
				INFOPLIST_KEY_NSFaceIDUsageDescription = "This app uses face ID to login into the user's account. ";
				INFOPLIST_KEY_UIApplicationSceneManifest_Generation = YES;
				INFOPLIST_KEY_UIApplicationSupportsIndirectInputEvents = YES;
				INFOPLIST_KEY_UILaunchScreen_Generation = YES;
				INFOPLIST_KEY_UISupportedInterfaceOrientations_iPad = "UIInterfaceOrientationPortrait UIInterfaceOrientationPortraitUpsideDown UIInterfaceOrientationLandscapeLeft UIInterfaceOrientationLandscapeRight";
				INFOPLIST_KEY_UISupportedInterfaceOrientations_iPhone = "UIInterfaceOrientationPortrait UIInterfaceOrientationLandscapeLeft UIInterfaceOrientationLandscapeRight";
				LD_RUNPATH_SEARCH_PATHS = (
					"$(inherited)",
					"@executable_path/Frameworks",
				);
				MARKETING_VERSION = 1.0;
				PRODUCT_BUNDLE_IDENTIFIER = QuickStrapSolutions.NFCDemo;
				PRODUCT_NAME = "$(TARGET_NAME)";
				PROVISIONING_PROFILE_SPECIFIER = "";
				SWIFT_EMIT_LOC_STRINGS = YES;
				SWIFT_VERSION = 5.0;
				TARGETED_DEVICE_FAMILY = "1,2";
			};
			name = Release;
		};
		D100A8452E83CF5700B82C8B /* Debug */ = {
			isa = XCBuildConfiguration;
			buildSettings = {
				BUNDLE_LOADER = "$(TEST_HOST)";
				CODE_SIGN_STYLE = Automatic;
				CURRENT_PROJECT_VERSION = 1;
				DEVELOPMENT_TEAM = 3A7K9T2WRC;
				IPHONEOS_DEPLOYMENT_TARGET = 18.5;
				MARKETING_VERSION = 1.0;
				PRODUCT_BUNDLE_IDENTIFIER = QuickStrapSolutions.NFCDemoTests;
				PRODUCT_NAME = "$(TARGET_NAME)";
				SWIFT_EMIT_LOC_STRINGS = NO;
				SWIFT_VERSION = 5.0;
				TARGETED_DEVICE_FAMILY = "1,2";
				TEST_HOST = "$(BUILT_PRODUCTS_DIR)/NFCDemo.app/$(BUNDLE_EXECUTABLE_FOLDER_PATH)/NFCDemo";
			};
			name = Debug;
		};
		D100A8462E83CF5700B82C8B /* Release */ = {
			isa = XCBuildConfiguration;
			buildSettings = {
				BUNDLE_LOADER = "$(TEST_HOST)";
				CODE_SIGN_STYLE = Automatic;
				CURRENT_PROJECT_VERSION = 1;
				DEVELOPMENT_TEAM = 3A7K9T2WRC;
				IPHONEOS_DEPLOYMENT_TARGET = 18.5;
				MARKETING_VERSION = 1.0;
				PRODUCT_BUNDLE_IDENTIFIER = QuickStrapSolutions.NFCDemoTests;
				PRODUCT_NAME = "$(TARGET_NAME)";
				SWIFT_EMIT_LOC_STRINGS = NO;
				SWIFT_VERSION = 5.0;
				TARGETED_DEVICE_FAMILY = "1,2";
				TEST_HOST = "$(BUILT_PRODUCTS_DIR)/NFCDemo.app/$(BUNDLE_EXECUTABLE_FOLDER_PATH)/NFCDemo";
			};
			name = Release;
		};
		D100A8482E83CF5700B82C8B /* Debug */ = {
			isa = XCBuildConfiguration;
			buildSettings = {
				CODE_SIGN_STYLE = Automatic;
				CURRENT_PROJECT_VERSION = 1;
				DEVELOPMENT_TEAM = 3A7K9T2WRC;
				MARKETING_VERSION = 1.0;
				PRODUCT_BUNDLE_IDENTIFIER = QuickStrapSolutions.NFCDemoUITests;
				PRODUCT_NAME = "$(TARGET_NAME)";
				SWIFT_EMIT_LOC_STRINGS = NO;
				SWIFT_VERSION = 5.0;
				TARGETED_DEVICE_FAMILY = "1,2";
				TEST_TARGET_NAME = NFCDemo;
			};
			name = Debug;
		};
		D100A8492E83CF5700B82C8B /* Release */ = {
			isa = XCBuildConfiguration;
			buildSettings = {
				CODE_SIGN_STYLE = Automatic;
				CURRENT_PROJECT_VERSION = 1;
				DEVELOPMENT_TEAM = 3A7K9T2WRC;
				MARKETING_VERSION = 1.0;
				PRODUCT_BUNDLE_IDENTIFIER = QuickStrapSolutions.NFCDemoUITests;
				PRODUCT_NAME = "$(TARGET_NAME)";
				SWIFT_EMIT_LOC_STRINGS = NO;
				SWIFT_VERSION = 5.0;
				TARGETED_DEVICE_FAMILY = "1,2";
				TEST_TARGET_NAME = NFCDemo;
			};
			name = Release;
		};
/* End XCBuildConfiguration section */

/* Begin XCConfigurationList section */
		D100A81B2E83CF5100B82C8B /* Build configuration list for PBXProject "NFCDemo" */ = {
			isa = XCConfigurationList;
			buildConfigurations = (
				D100A83F2E83CF5700B82C8B /* Debug */,
				D100A8402E83CF5700B82C8B /* Release */,
			);
			defaultConfigurationIsVisible = 0;
			defaultConfigurationName = Release;
		};
		D100A8412E83CF5700B82C8B /* Build configuration list for PBXNativeTarget "NFCDemo" */ = {
			isa = XCConfigurationList;
			buildConfigurations = (
				D100A8422E83CF5700B82C8B /* Debug */,
				D100A8432E83CF5700B82C8B /* Release */,
			);
			defaultConfigurationIsVisible = 0;
			defaultConfigurationName = Release;
		};
		D100A8442E83CF5700B82C8B /* Build configuration list for PBXNativeTarget "NFCDemoTests" */ = {
			isa = XCConfigurationList;
			buildConfigurations = (
				D100A8452E83CF5700B82C8B /* Debug */,
				D100A8462E83CF5700B82C8B /* Release */,
			);
			defaultConfigurationIsVisible = 0;
			defaultConfigurationName = Release;
		};
		D100A8472E83CF5700B82C8B /* Build configuration list for PBXNativeTarget "NFCDemoUITests" */ = {
			isa = XCConfigurationList;
			buildConfigurations = (
				D100A8482E83CF5700B82C8B /* Debug */,
				D100A8492E83CF5700B82C8B /* Release */,
			);
			defaultConfigurationIsVisible = 0;
			defaultConfigurationName = Release;
		};
/* End XCConfigurationList section */

/* Begin XCRemoteSwiftPackageReference section */
		D100A84D2E8411A400B82C8B /* XCRemoteSwiftPackageReference "supabase-swift" */ = {
			isa = XCRemoteSwiftPackageReference;
			repositoryURL = "https://github.com/supabase-community/supabase-swift";
			requirement = {
				kind = upToNextMajorVersion;
				minimumVersion = 2.5.1;
			};
		};
/* End XCRemoteSwiftPackageReference section */

/* Begin XCSwiftPackageProductDependency section */
		D100A84E2E8411A400B82C8B /* Auth */ = {
			isa = XCSwiftPackageProductDependency;
			package = D100A84D2E8411A400B82C8B /* XCRemoteSwiftPackageReference "supabase-swift" */;
			productName = Auth;
		};
		D100A8502E8411A400B82C8B /* Functions */ = {
			isa = XCSwiftPackageProductDependency;
			package = D100A84D2E8411A400B82C8B /* XCRemoteSwiftPackageReference "supabase-swift" */;
			productName = Functions;
		};
		D100A8522E8411A400B82C8B /* PostgREST */ = {
			isa = XCSwiftPackageProductDependency;
			package = D100A84D2E8411A400B82C8B /* XCRemoteSwiftPackageReference "supabase-swift" */;
			productName = PostgREST;
		};
		D100A8542E8411A400B82C8B /* Realtime */ = {
			isa = XCSwiftPackageProductDependency;
			package = D100A84D2E8411A400B82C8B /* XCRemoteSwiftPackageReference "supabase-swift" */;
			productName = Realtime;
		};
		D100A8562E8411A400B82C8B /* Storage */ = {
			isa = XCSwiftPackageProductDependency;
			package = D100A84D2E8411A400B82C8B /* XCRemoteSwiftPackageReference "supabase-swift" */;
			productName = Storage;
		};
/* End XCSwiftPackageProductDependency section */
	};
	rootObject = D100A8182E83CF5100B82C8B /* Project object */;
}
